
Microsoft Visual Studio Solution File, Format Version 12.00
# Visual Studio 15
VisualStudioVersion = 15.0.28010.2036
MinimumVisualStudioVersion = 10.0.40219.1
Project("{8BC9CEB8-8B4A-11D0-8D11-00A0C91BC942}") = "MergeSort", "MergeSort\MergeSort.vcxproj", "{80B9FF2D-9062-46AC-87C0-E6681F9306ED}"
EndProject
Global
	GlobalSection(SolutionConfigurationPlatforms) = preSolution
		Debug|x64 = Debug|x64
		Debug|x86 = Debug|x86
		Release|x64 = Release|x64
		Release|x86 = Release|x86
	EndGlobalSection
	GlobalSection(ProjectConfigurationPlatforms) = postSolution
		{80B9FF2D-9062-46AC-87C0-E6681F9306ED}.Debug|x64.ActiveCfg = Debug|x64
		{80B9FF2D-9062-46AC-87C0-E6681F9306ED}.Debug|x64.Build.0 = Debug|x64
		{80B9FF2D-9062-46AC-87C0-E6681F9306ED}.Debug|x86.ActiveCfg = Debug|Win32
		{80B9FF2D-9062-46AC-87C0-E6681F9306ED}.Debug|x86.Build.0 = Debug|Win32
		{80B9FF2D-9062-46AC-87C0-E6681F9306ED}.Release|x64.ActiveCfg = Release|x64
		{80B9FF2D-9062-46AC-87C0-E6681F9306ED}.Release|x64.Build.0 = Release|x64
		{80B9FF2D-9062-46AC-87C0-E6681F9306ED}.Release|x86.ActiveCfg = Release|Win32
		{80B9FF2D-9062-46AC-87C0-E6681F9306ED}.Release|x86.Build.0 = Release|Win32
	EndGlobalSection
	GlobalSection(SolutionProperties) = preSolution
		HideSolutionNode = FALSE
	EndGlobalSection
	GlobalSection(ExtensibilityGlobals) = postSolution
		SolutionGuid = {B0EEA74C-9527-4DF1-AF01-2B92F4A2B38D}
	EndGlobalSection
EndGlobal
