
Microsoft Visual Studio Solution File, Format Version 12.00
# Visual Studio 15
VisualStudioVersion = 15.0.28010.2036
MinimumVisualStudioVersion = 10.0.40219.1
Project("{8BC9CEB8-8B4A-11D0-8D11-00A0C91BC942}") = "LinkedList", "LinkedList\LinkedList.vcxproj", "{9EBC0E5B-FD7E-4084-B15C-062549B2D00F}"
EndProject
Global
	GlobalSection(SolutionConfigurationPlatforms) = preSolution
		Debug|x64 = Debug|x64
		Debug|x86 = Debug|x86
		Release|x64 = Release|x64
		Release|x86 = Release|x86
	EndGlobalSection
	GlobalSection(ProjectConfigurationPlatforms) = postSolution
		{9EBC0E5B-FD7E-4084-B15C-062549B2D00F}.Debug|x64.ActiveCfg = Debug|x64
		{9EBC0E5B-FD7E-4084-B15C-062549B2D00F}.Debug|x64.Build.0 = Debug|x64
		{9EBC0E5B-FD7E-4084-B15C-062549B2D00F}.Debug|x86.ActiveCfg = Debug|Win32
		{9EBC0E5B-FD7E-4084-B15C-062549B2D00F}.Debug|x86.Build.0 = Debug|Win32
		{9EBC0E5B-FD7E-4084-B15C-062549B2D00F}.Release|x64.ActiveCfg = Release|x64
		{9EBC0E5B-FD7E-4084-B15C-062549B2D00F}.Release|x64.Build.0 = Release|x64
		{9EBC0E5B-FD7E-4084-B15C-062549B2D00F}.Release|x86.ActiveCfg = Release|Win32
		{9EBC0E5B-FD7E-4084-B15C-062549B2D00F}.Release|x86.Build.0 = Release|Win32
	EndGlobalSection
	GlobalSection(SolutionProperties) = preSolution
		HideSolutionNode = FALSE
	EndGlobalSection
	GlobalSection(ExtensibilityGlobals) = postSolution
		SolutionGuid = {FAA44611-CFBF-4950-9422-A4F48A811C8E}
	EndGlobalSection
EndGlobal
