
Microsoft Visual Studio Solution File, Format Version 12.00
# Visual Studio 15
VisualStudioVersion = 15.0.28010.2036
MinimumVisualStudioVersion = 10.0.40219.1
Project("{8BC9CEB8-8B4A-11D0-8D11-00A0C91BC942}") = "BubbleSort", "BubbleSort\BubbleSort.vcxproj", "{BE86E00D-CFEF-4785-9081-5039736D39C8}"
EndProject
Global
	GlobalSection(SolutionConfigurationPlatforms) = preSolution
		Debug|x64 = Debug|x64
		Debug|x86 = Debug|x86
		Release|x64 = Release|x64
		Release|x86 = Release|x86
	EndGlobalSection
	GlobalSection(ProjectConfigurationPlatforms) = postSolution
		{BE86E00D-CFEF-4785-9081-5039736D39C8}.Debug|x64.ActiveCfg = Debug|x64
		{BE86E00D-CFEF-4785-9081-5039736D39C8}.Debug|x64.Build.0 = Debug|x64
		{BE86E00D-CFEF-4785-9081-5039736D39C8}.Debug|x86.ActiveCfg = Debug|Win32
		{BE86E00D-CFEF-4785-9081-5039736D39C8}.Debug|x86.Build.0 = Debug|Win32
		{BE86E00D-CFEF-4785-9081-5039736D39C8}.Release|x64.ActiveCfg = Release|x64
		{BE86E00D-CFEF-4785-9081-5039736D39C8}.Release|x64.Build.0 = Release|x64
		{BE86E00D-CFEF-4785-9081-5039736D39C8}.Release|x86.ActiveCfg = Release|Win32
		{BE86E00D-CFEF-4785-9081-5039736D39C8}.Release|x86.Build.0 = Release|Win32
	EndGlobalSection
	GlobalSection(SolutionProperties) = preSolution
		HideSolutionNode = FALSE
	EndGlobalSection
	GlobalSection(ExtensibilityGlobals) = postSolution
		SolutionGuid = {6690F09E-E059-4E6A-87F5-B8194730621B}
	EndGlobalSection
EndGlobal
